{
  "name": "zkpassport-sdk",
  "version": "1.0.0",
  "lockfileVersion": 3,
  "requires": true,
  "packages": {
    "": {
      "name": "zkpassport-sdk",
      "version": "1.0.0",
      "license": "ISC",
      "dependencies": {
        "@noble/ciphers": "^1.0.0",
        "@noble/secp256k1": "^2.1.0",
        "@noir-lang/backend_barretenberg": "^0.34.0",
        "@noir-lang/noir_js": "^0.34.0",
        "i18n-iso-countries": "^7.12.0",
        "ws": "^8.18.0"
      },
      "devDependencies": {
        "@types/node": "^22.7.4",
        "@types/ws": "^8.5.12",
        "typescript": "^5.6.2"
      }
    },
    "node_modules/@aztec/bb.js": {
      "version": "0.55.0",
      "resolved": "https://registry.npmjs.org/@aztec/bb.js/-/bb.js-0.55.0.tgz",
      "integrity": "sha512-hdSn5qba/OVyDAPuNBxpF+nFodcv+lK16YPIqkgaaNJ/6hURSLXClbkfnXNg7egwmnvrBQrJb5dVuaoydm8y6w==",
      "dependencies": {
        "comlink": "^4.4.1",
        "commander": "^10.0.1",
        "debug": "^4.3.4",
        "tslib": "^2.4.0"
      },
      "bin": {
        "bb.js": "dest/node/main.js"
      }
    },
    "node_modules/@noble/ciphers": {
      "version": "1.0.0",
      "resolved": "https://registry.npmjs.org/@noble/ciphers/-/ciphers-1.0.0.tgz",
      "integrity": "sha512-wH5EHOmLi0rEazphPbecAzmjd12I6/Yv/SiHdkA9LSycsQk7RuuTp7am5/o62qYr0RScE7Pc9icXGBbsr6cesA==",
      "engines": {
        "node": "^14.21.3 || >=16"
      },
      "funding": {
        "url": "https://paulmillr.com/funding/"
      }
    },
    "node_modules/@noble/secp256k1": {
      "version": "2.1.0",
      "resolved": "https://registry.npmjs.org/@noble/secp256k1/-/secp256k1-2.1.0.tgz",
      "integrity": "sha512-XLEQQNdablO0XZOIniFQimiXsZDNwaYgL96dZwC54Q30imSbAOFf3NKtepc+cXyuZf5Q1HCgbqgZ2UFFuHVcEw==",
      "funding": {
        "url": "https://paulmillr.com/funding/"
      }
    },
    "node_modules/@noir-lang/acvm_js": {
      "version": "0.50.0",
      "resolved": "https://registry.npmjs.org/@noir-lang/acvm_js/-/acvm_js-0.50.0.tgz",
      "integrity": "sha512-tmD3eZ8GbkkD001S/YVIrp91sy+XW1ZeVRObio1WgvX9081kJS1xptBglMO4ITzdHOLLuIeaChlUhCgNtwFB9Q=="
    },
    "node_modules/@noir-lang/backend_barretenberg": {
      "version": "0.34.0",
      "resolved": "https://registry.npmjs.org/@noir-lang/backend_barretenberg/-/backend_barretenberg-0.34.0.tgz",
      "integrity": "sha512-yDW+IN0wrbjtlVNzz0MMWpwIdzBvJ98ZdEt1jXXQItPQ8BZW7324oexWZTAtHb0oLsktdTpxyx6uM6AVpQG5ug==",
      "dependencies": {
        "@aztec/bb.js": "0.55.0",
        "@noir-lang/types": "0.34.0",
        "fflate": "^0.8.0"
      }
    },
    "node_modules/@noir-lang/noir_js": {
      "version": "0.34.0",
      "resolved": "https://registry.npmjs.org/@noir-lang/noir_js/-/noir_js-0.34.0.tgz",
      "integrity": "sha512-NprF+UlG05d2SkUQDcJ+GBHiWvkkVp5QczsFGmAHtGjpETAj5fqaSE8iTzdp/QTl2K9OtrsNrDLYoK/PPCLgFQ==",
      "dependencies": {
        "@noir-lang/acvm_js": "0.50.0",
        "@noir-lang/noirc_abi": "0.34.0",
        "@noir-lang/types": "0.34.0"
      }
    },
    "node_modules/@noir-lang/noirc_abi": {
      "version": "0.34.0",
      "resolved": "https://registry.npmjs.org/@noir-lang/noirc_abi/-/noirc_abi-0.34.0.tgz",
      "integrity": "sha512-GrdOG0qQfjFN2llYOKEDenaNpMp1JAtB5NxRM+8hB69VDKmAFGJJRgcMxzWgbRcRhX5AOp/7CHqV2OVVqgTMYA==",
      "dependencies": {
        "@noir-lang/types": "0.34.0"
      }
    },
    "node_modules/@noir-lang/types": {
      "version": "0.34.0",
      "resolved": "https://registry.npmjs.org/@noir-lang/types/-/types-0.34.0.tgz",
      "integrity": "sha512-04A14JMPt5G6/cCD4n59W0DUtAbcN8YByvSJ6gj0VQramd11tWK3ZqhKadnQrzhA0GwEvROd6jvn/blKdHlSXQ=="
    },
    "node_modules/@types/node": {
      "version": "22.7.4",
      "resolved": "https://registry.npmjs.org/@types/node/-/node-22.7.4.tgz",
      "integrity": "sha512-y+NPi1rFzDs1NdQHHToqeiX2TIS79SWEAw9GYhkkx8bD0ChpfqC+n2j5OXOCpzfojBEBt6DnEnnG9MY0zk1XLg==",
      "dev": true,
      "dependencies": {
        "undici-types": "~6.19.2"
      }
    },
    "node_modules/@types/ws": {
      "version": "8.5.12",
      "resolved": "https://registry.npmjs.org/@types/ws/-/ws-8.5.12.tgz",
      "integrity": "sha512-3tPRkv1EtkDpzlgyKyI8pGsGZAGPEaXeu0DOj5DI25Ja91bdAYddYHbADRYVrZMRbfW+1l5YwXVDKohDJNQxkQ==",
      "dev": true,
      "dependencies": {
        "@types/node": "*"
      }
    },
    "node_modules/comlink": {
      "version": "4.4.1",
      "resolved": "https://registry.npmjs.org/comlink/-/comlink-4.4.1.tgz",
      "integrity": "sha512-+1dlx0aY5Jo1vHy/tSsIGpSkN4tS9rZSW8FIhG0JH/crs9wwweswIo/POr451r7bZww3hFbPAKnTpimzL/mm4Q=="
    },
    "node_modules/commander": {
      "version": "10.0.1",
      "resolved": "https://registry.npmjs.org/commander/-/commander-10.0.1.tgz",
      "integrity": "sha512-y4Mg2tXshplEbSGzx7amzPwKKOCGuoSRP/CjEdwwk0FOGlUbq6lKuoyDZTNZkmxHdJtp54hdfY/JUrdL7Xfdug==",
      "engines": {
        "node": ">=14"
      }
    },
    "node_modules/debug": {
      "version": "4.3.7",
      "resolved": "https://registry.npmjs.org/debug/-/debug-4.3.7.tgz",
      "integrity": "sha512-Er2nc/H7RrMXZBFCEim6TCmMk02Z8vLC2Rbi1KEBggpo0fS6l0S1nnapwmIi3yW/+GOJap1Krg4w0Hg80oCqgQ==",
      "dependencies": {
        "ms": "^2.1.3"
      },
      "engines": {
        "node": ">=6.0"
      },
      "peerDependenciesMeta": {
        "supports-color": {
          "optional": true
        }
      }
    },
    "node_modules/diacritics": {
      "version": "1.3.0",
      "resolved": "https://registry.npmjs.org/diacritics/-/diacritics-1.3.0.tgz",
      "integrity": "sha512-wlwEkqcsaxvPJML+rDh/2iS824jbREk6DUMUKkEaSlxdYHeS43cClJtsWglvw2RfeXGm6ohKDqsXteJ5sP5enA=="
    },
    "node_modules/fflate": {
      "version": "0.8.2",
      "resolved": "https://registry.npmjs.org/fflate/-/fflate-0.8.2.tgz",
      "integrity": "sha512-cPJU47OaAoCbg0pBvzsgpTPhmhqI5eJjh/JIu8tPj5q+T7iLvW/JAYUqmE7KOB4R1ZyEhzBaIQpQpardBF5z8A=="
    },
    "node_modules/i18n-iso-countries": {
      "version": "7.12.0",
      "resolved": "https://registry.npmjs.org/i18n-iso-countries/-/i18n-iso-countries-7.12.0.tgz",
      "integrity": "sha512-NDFf5j/raA5JrcPT/NcHP3RUMH7TkdkxQKAKdvDlgb+MS296WJzzqvV0Y5uwavSm7A6oYvBeSV0AxoHdDiHIiw==",
      "dependencies": {
        "diacritics": "1.3.0"
      },
      "engines": {
        "node": ">= 12"
      }
    },
    "node_modules/ms": {
      "version": "2.1.3",
      "resolved": "https://registry.npmjs.org/ms/-/ms-2.1.3.tgz",
      "integrity": "sha512-6FlzubTLZG3J2a/NVCAleEhjzq5oxgHyaCU9yYXvcLsvoVaHJq/s5xXI6/XXP6tz7R9xAOtHnSO/tXtF3WRTlA=="
    },
    "node_modules/tslib": {
      "version": "2.7.0",
      "resolved": "https://registry.npmjs.org/tslib/-/tslib-2.7.0.tgz",
      "integrity": "sha512-gLXCKdN1/j47AiHiOkJN69hJmcbGTHI0ImLmbYLHykhgeN0jVGola9yVjFgzCUklsZQMW55o+dW7IXv3RCXDzA=="
    },
    "node_modules/typescript": {
      "version": "5.6.2",
      "resolved": "https://registry.npmjs.org/typescript/-/typescript-5.6.2.tgz",
      "integrity": "sha512-NW8ByodCSNCwZeghjN3o+JX5OFH0Ojg6sadjEKY4huZ52TqbJTJnDo5+Tw98lSy63NZvi4n+ez5m2u5d4PkZyw==",
      "dev": true,
      "bin": {
        "tsc": "bin/tsc",
        "tsserver": "bin/tsserver"
      },
      "engines": {
        "node": ">=14.17"
      }
    },
    "node_modules/undici-types": {
      "version": "6.19.8",
      "resolved": "https://registry.npmjs.org/undici-types/-/undici-types-6.19.8.tgz",
      "integrity": "sha512-ve2KP6f/JnbPBFyobGHuerC9g1FYGn/F8n1LWTwNxCEzd6IfqTwUQcNXgEtmmQ6DlRrC1hrSrBnCZPokRrDHjw==",
      "dev": true
    },
    "node_modules/ws": {
      "version": "8.18.0",
      "resolved": "https://registry.npmjs.org/ws/-/ws-8.18.0.tgz",
      "integrity": "sha512-8VbfWfHLbbwu3+N6OKsOMpBdT4kXPDDB9cJk2bJ6mh9ucxdlnNvH1e+roYkKmN9Nxw2yjz7VzeO9oOz2zJ04Pw==",
      "engines": {
        "node": ">=10.0.0"
      },
      "peerDependencies": {
        "bufferutil": "^4.0.1",
        "utf-8-validate": ">=5.0.2"
      },
      "peerDependenciesMeta": {
        "bufferutil": {
          "optional": true
        },
        "utf-8-validate": {
          "optional": true
        }
      }
    }
  }
}
