{
  "name": "@zkpassport/sdk",
  "version": "0.1.2",
  "lockfileVersion": 3,
  "requires": true,
  "packages": {
    "": {
      "name": "@zkpassport/sdk",
      "version": "0.1.2",
      "license": "Apache-2.0",
      "dependencies": {
        "@aztec/bb.js": "0.67.0",
        "@noble/ciphers": "^1.0.0",
        "@noble/secp256k1": "^2.1.0",
        "@zkpassport/utils": "^0.1.18",
        "i18n-iso-countries": "^7.12.0",
        "node-gzip": "^1.1.2",
        "tslib": "^2.8.1",
        "ws": "^8.18.0"
      },
      "devDependencies": {
        "@types/node": "^22.10.6",
        "@types/node-gzip": "^1.1.3",
        "@types/ws": "^8.5.12",
        "typescript": "^5.6.2"
      }
    },
    "../../../ZKpassport/libs/zkpassport-utils": {
      "name": "@zkpassport/utils",
      "version": "0.1.18",
      "dependencies": {
        "@lapo/asn1js": "^2.0.4",
        "@noble/ciphers": "^1.0.0",
        "@noble/curves": "^1.6.0",
        "@noble/hashes": "^1.5.0",
        "@noble/secp256k1": "^2.1.0",
        "@peculiar/asn1-cms": "^2.3.13",
        "@peculiar/asn1-ecc": "^2.3.14",
        "@peculiar/asn1-rsa": "^2.3.13",
        "@peculiar/asn1-schema": "^2.3.13",
        "@peculiar/asn1-x509": "^2.3.13",
        "@peculiar/x509": "^1.12.3",
        "@zk-kit/lean-imt": "^2.2.1",
        "@zkpassport/poseidon2": "^0.5.2",
        "date-fns": "^4.1.0",
        "i18n-iso-countries": "^7.13.0"
      },
      "devDependencies": {
        "@types/bun": "latest",
        "@types/node": "^22.10.6",
        "typescript": "^5.0.0"
      }
    },
    "node_modules/@aztec/bb.js": {
      "version": "0.67.0",
      "resolved": "https://registry.npmjs.org/@aztec/bb.js/-/bb.js-0.67.0.tgz",
      "integrity": "sha512-q8iSM6VjLaDwFC/51oIF8pGDG1qTGVBRjRPoHaJS0q42hgqHKdIzX9UDHlsBmv69LR0mKIojtyvHCNGFy6kK1Q==",
      "dependencies": {
        "comlink": "^4.4.1",
        "commander": "^10.0.1",
        "debug": "^4.3.4",
        "fflate": "^0.8.0",
        "pako": "^2.1.0",
        "tslib": "^2.4.0"
      },
      "bin": {
        "bb.js": "dest/node/main.js"
      }
    },
    "node_modules/@noble/ciphers": {
      "version": "1.0.0",
      "resolved": "https://registry.npmjs.org/@noble/ciphers/-/ciphers-1.0.0.tgz",
      "integrity": "sha512-wH5EHOmLi0rEazphPbecAzmjd12I6/Yv/SiHdkA9LSycsQk7RuuTp7am5/o62qYr0RScE7Pc9icXGBbsr6cesA==",
      "engines": {
        "node": "^14.21.3 || >=16"
      },
      "funding": {
        "url": "https://paulmillr.com/funding/"
      }
    },
    "node_modules/@noble/secp256k1": {
      "version": "2.1.0",
      "resolved": "https://registry.npmjs.org/@noble/secp256k1/-/secp256k1-2.1.0.tgz",
      "integrity": "sha512-XLEQQNdablO0XZOIniFQimiXsZDNwaYgL96dZwC54Q30imSbAOFf3NKtepc+cXyuZf5Q1HCgbqgZ2UFFuHVcEw==",
      "funding": {
        "url": "https://paulmillr.com/funding/"
      }
    },
    "node_modules/@types/node": {
      "version": "22.10.6",
      "resolved": "https://registry.npmjs.org/@types/node/-/node-22.10.6.tgz",
      "integrity": "sha512-qNiuwC4ZDAUNcY47xgaSuS92cjf8JbSUoaKS77bmLG1rU7MlATVSiw/IlrjtIyyskXBZ8KkNfjK/P5na7rgXbQ==",
      "dev": true,
      "dependencies": {
        "undici-types": "~6.20.0"
      }
    },
    "node_modules/@types/node-gzip": {
      "version": "1.1.3",
      "resolved": "https://registry.npmjs.org/@types/node-gzip/-/node-gzip-1.1.3.tgz",
      "integrity": "sha512-gonKbqhKCTrnTpgM5VoVIILYF6odOS4nN2xaIkOUq8ckdrbD3PyF6h5SHIM23eHK/Q1dpHAQsWk5v2WUW7q14Q==",
      "dev": true,
      "dependencies": {
        "@types/node": "*"
      }
    },
    "node_modules/@types/ws": {
      "version": "8.5.12",
      "resolved": "https://registry.npmjs.org/@types/ws/-/ws-8.5.12.tgz",
      "integrity": "sha512-3tPRkv1EtkDpzlgyKyI8pGsGZAGPEaXeu0DOj5DI25Ja91bdAYddYHbADRYVrZMRbfW+1l5YwXVDKohDJNQxkQ==",
      "dev": true,
      "dependencies": {
        "@types/node": "*"
      }
    },
    "node_modules/@zkpassport/utils": {
      "resolved": "../../../ZKpassport/libs/zkpassport-utils",
      "link": true
    },
    "node_modules/comlink": {
      "version": "4.4.2",
      "resolved": "https://registry.npmjs.org/comlink/-/comlink-4.4.2.tgz",
      "integrity": "sha512-OxGdvBmJuNKSCMO4NTl1L47VRp6xn2wG4F/2hYzB6tiCb709otOxtEYCSvK80PtjODfXXZu8ds+Nw5kVCjqd2g=="
    },
    "node_modules/commander": {
      "version": "10.0.1",
      "resolved": "https://registry.npmjs.org/commander/-/commander-10.0.1.tgz",
      "integrity": "sha512-y4Mg2tXshplEbSGzx7amzPwKKOCGuoSRP/CjEdwwk0FOGlUbq6lKuoyDZTNZkmxHdJtp54hdfY/JUrdL7Xfdug==",
      "engines": {
        "node": ">=14"
      }
    },
    "node_modules/debug": {
      "version": "4.4.0",
      "resolved": "https://registry.npmjs.org/debug/-/debug-4.4.0.tgz",
      "integrity": "sha512-6WTZ/IxCY/T6BALoZHaE4ctp9xm+Z5kY/pzYaCHRFeyVhojxlrm+46y68HA6hr0TcwEssoxNiDEUJQjfPZ/RYA==",
      "dependencies": {
        "ms": "^2.1.3"
      },
      "engines": {
        "node": ">=6.0"
      },
      "peerDependenciesMeta": {
        "supports-color": {
          "optional": true
        }
      }
    },
    "node_modules/diacritics": {
      "version": "1.3.0",
      "resolved": "https://registry.npmjs.org/diacritics/-/diacritics-1.3.0.tgz",
      "integrity": "sha512-wlwEkqcsaxvPJML+rDh/2iS824jbREk6DUMUKkEaSlxdYHeS43cClJtsWglvw2RfeXGm6ohKDqsXteJ5sP5enA=="
    },
    "node_modules/fflate": {
      "version": "0.8.2",
      "resolved": "https://registry.npmjs.org/fflate/-/fflate-0.8.2.tgz",
      "integrity": "sha512-cPJU47OaAoCbg0pBvzsgpTPhmhqI5eJjh/JIu8tPj5q+T7iLvW/JAYUqmE7KOB4R1ZyEhzBaIQpQpardBF5z8A=="
    },
    "node_modules/i18n-iso-countries": {
      "version": "7.13.0",
      "resolved": "https://registry.npmjs.org/i18n-iso-countries/-/i18n-iso-countries-7.13.0.tgz",
      "integrity": "sha512-pVh4CjdgAHZswI98hzG+1BItQlsQfR+yGDsjDISoWIV/jHDAvCmSyZ5vj2YWwAjfVZ8/BhBDqWcFvuGOyHe4vg==",
      "dependencies": {
        "diacritics": "1.3.0"
      },
      "engines": {
        "node": ">= 12"
      }
    },
    "node_modules/ms": {
      "version": "2.1.3",
      "resolved": "https://registry.npmjs.org/ms/-/ms-2.1.3.tgz",
      "integrity": "sha512-6FlzubTLZG3J2a/NVCAleEhjzq5oxgHyaCU9yYXvcLsvoVaHJq/s5xXI6/XXP6tz7R9xAOtHnSO/tXtF3WRTlA=="
    },
    "node_modules/node-gzip": {
      "version": "1.1.2",
      "resolved": "https://registry.npmjs.org/node-gzip/-/node-gzip-1.1.2.tgz",
      "integrity": "sha512-ZB6zWpfZHGtxZnPMrJSKHVPrRjURoUzaDbLFj3VO70mpLTW5np96vXyHwft4Id0o+PYIzgDkBUjIzaNHhQ8srw=="
    },
    "node_modules/pako": {
      "version": "2.1.0",
      "resolved": "https://registry.npmjs.org/pako/-/pako-2.1.0.tgz",
      "integrity": "sha512-w+eufiZ1WuJYgPXbV/PO3NCMEc3xqylkKHzp8bxp1uW4qaSNQUkwmLLEc3kKsfz8lpV1F8Ht3U1Cm+9Srog2ug=="
    },
    "node_modules/tslib": {
      "version": "2.8.1",
      "resolved": "https://registry.npmjs.org/tslib/-/tslib-2.8.1.tgz",
      "integrity": "sha512-oJFu94HQb+KVduSUQL7wnpmqnfmLsOA/nAh6b6EH0wCEoK0/mPeXU6c3wKDV83MkOuHPRHtSXKKU99IBazS/2w=="
    },
    "node_modules/typescript": {
      "version": "5.6.2",
      "resolved": "https://registry.npmjs.org/typescript/-/typescript-5.6.2.tgz",
      "integrity": "sha512-NW8ByodCSNCwZeghjN3o+JX5OFH0Ojg6sadjEKY4huZ52TqbJTJnDo5+Tw98lSy63NZvi4n+ez5m2u5d4PkZyw==",
      "dev": true,
      "bin": {
        "tsc": "bin/tsc",
        "tsserver": "bin/tsserver"
      },
      "engines": {
        "node": ">=14.17"
      }
    },
    "node_modules/undici-types": {
      "version": "6.20.0",
      "resolved": "https://registry.npmjs.org/undici-types/-/undici-types-6.20.0.tgz",
      "integrity": "sha512-Ny6QZ2Nju20vw1SRHe3d9jVu6gJ+4e3+MMpqu7pqE5HT6WsTSlce++GQmK5UXS8mzV8DSYHrQH+Xrf2jVcuKNg==",
      "dev": true
    },
    "node_modules/ws": {
      "version": "8.18.0",
      "resolved": "https://registry.npmjs.org/ws/-/ws-8.18.0.tgz",
      "integrity": "sha512-8VbfWfHLbbwu3+N6OKsOMpBdT4kXPDDB9cJk2bJ6mh9ucxdlnNvH1e+roYkKmN9Nxw2yjz7VzeO9oOz2zJ04Pw==",
      "engines": {
        "node": ">=10.0.0"
      },
      "peerDependencies": {
        "bufferutil": "^4.0.1",
        "utf-8-validate": ">=5.0.2"
      },
      "peerDependenciesMeta": {
        "bufferutil": {
          "optional": true
        },
        "utf-8-validate": {
          "optional": true
        }
      }
    }
  }
}
